
Microsoft Visual Studio Solution File, Format Version 12.00
# Visual Studio Version 17
VisualStudioVersion = 17.2.32616.157
MinimumVisualStudioVersion = 10.0.40219.1
Project("{8BC9CEB8-8B4A-11D0-8D11-00A0C91BC942}") = "AntiCheatExercise", "AntiCheatExercise.vcxproj", "{293A55B1-440E-4F88-AAF4-5AF80BD62279}"
EndProject
Global
	GlobalSection(SolutionConfigurationPlatforms) = preSolution
		Debug|ARM64 = Debug|ARM64
		Debug|x64 = Debug|x64
		Release|ARM64 = Release|ARM64
		Release|x64 = Release|x64
	EndGlobalSection
	GlobalSection(ProjectConfigurationPlatforms) = postSolution
		{293A55B1-440E-4F88-AAF4-5AF80BD62279}.Debug|ARM64.ActiveCfg = Debug|ARM64
		{293A55B1-440E-4F88-AAF4-5AF80BD62279}.Debug|ARM64.Build.0 = Debug|ARM64
		{293A55B1-440E-4F88-AAF4-5AF80BD62279}.Debug|ARM64.Deploy.0 = Debug|ARM64
		{293A55B1-440E-4F88-AAF4-5AF80BD62279}.Debug|x64.ActiveCfg = Debug|x64
		{293A55B1-440E-4F88-AAF4-5AF80BD62279}.Debug|x64.Build.0 = Debug|x64
		{293A55B1-440E-4F88-AAF4-5AF80BD62279}.Debug|x64.Deploy.0 = Debug|x64
		{293A55B1-440E-4F88-AAF4-5AF80BD62279}.Release|ARM64.ActiveCfg = Release|ARM64
		{293A55B1-440E-4F88-AAF4-5AF80BD62279}.Release|ARM64.Build.0 = Release|ARM64
		{293A55B1-440E-4F88-AAF4-5AF80BD62279}.Release|ARM64.Deploy.0 = Release|ARM64
		{293A55B1-440E-4F88-AAF4-5AF80BD62279}.Release|x64.ActiveCfg = Release|x64
		{293A55B1-440E-4F88-AAF4-5AF80BD62279}.Release|x64.Build.0 = Release|x64
		{293A55B1-440E-4F88-AAF4-5AF80BD62279}.Release|x64.Deploy.0 = Release|x64
	EndGlobalSection
	GlobalSection(SolutionProperties) = preSolution
		HideSolutionNode = FALSE
	EndGlobalSection
	GlobalSection(ExtensibilityGlobals) = postSolution
		SolutionGuid = {B9B28F9C-CB24-4DB5-A723-2BDE88D463DA}
	EndGlobalSection
EndGlobal
